
Microsoft Visual Studio Solution File, Format Version 12.00
# Visual Studio Version 16
VisualStudioVersion = 16.0.30907.101
MinimumVisualStudioVersion = 10.0.40219.1
Project("{FAE04EC0-301F-11D3-BF4B-00C04F79EFBC}") = "PlantApp", "PlantApp\PlantApp.csproj", "{03719FAA-37D0-402F-80BD-062DC105D457}"
EndProject
Global
	GlobalSection(SolutionConfigurationPlatforms) = preSolution
		Debug|Any CPU = Debug|Any CPU
		Release|Any CPU = Release|Any CPU
	EndGlobalSection
	GlobalSection(ProjectConfigurationPlatforms) = postSolution
		{03719FAA-37D0-402F-80BD-062DC105D457}.Debug|Any CPU.ActiveCfg = Debug|Any CPU
		{03719FAA-37D0-402F-80BD-062DC105D457}.Debug|Any CPU.Build.0 = Debug|Any CPU
		{03719FAA-37D0-402F-80BD-062DC105D457}.Release|Any CPU.ActiveCfg = Release|Any CPU
		{03719FAA-37D0-402F-80BD-062DC105D457}.Release|Any CPU.Build.0 = Release|Any CPU
	EndGlobalSection
	GlobalSection(SolutionProperties) = preSolution
		HideSolutionNode = FALSE
	EndGlobalSection
	GlobalSection(ExtensibilityGlobals) = postSolution
		SolutionGuid = {FC10CE05-CE5D-48BD-BA8B-F6BEF213F91E}
	EndGlobalSection
EndGlobal
